
Microsoft Visual Studio Solution File, Format Version 12.00
# Visual Studio Version 17
VisualStudioVersion = 17.5.33530.505
MinimumVisualStudioVersion = 10.0.40219.1
Project("{9A19103F-16F7-4668-BE54-9A1E7A4F7556}") = "PriceChecker.API", "PriceCheckerAPI\PriceChecker.API.csproj", "{16B9B57A-C6F5-46EB-811C-9329239E779E}"
EndProject
Project("{2150E333-8FDC-42A3-9474-1A3956D46DE8}") = "Solution Items", "Solution Items", "{32BA0854-1F8B-4723-A3E7-48FAD062BFC5}"
	ProjectSection(SolutionItems) = preProject
		README.md = README.md
	EndProjectSection
EndProject
Project("{9A19103F-16F7-4668-BE54-9A1E7A4F7556}") = "PriceChecker.Data", "PriceChecker.Data\PriceChecker.Data.csproj", "{334D9810-289F-46FF-AAB7-AC32557395CC}"
EndProject
Project("{9A19103F-16F7-4668-BE54-9A1E7A4F7556}") = "PriceChecker.Common", "PriceChecker.Common\PriceChecker.Common.csproj", "{205C00A5-867A-47A5-91DF-467E899B8104}"
EndProject
Project("{9A19103F-16F7-4668-BE54-9A1E7A4F7556}") = "PriceChecker.Business", "PriceChecker.Business\PriceChecker.Business.csproj", "{90AA578B-7242-4D1D-B1D1-F7EAAB68A06B}"
EndProject
Project("{2150E333-8FDC-42A3-9474-1A3956D46DE8}") = "SqlScripts", "SqlScripts", "{3B3800F1-B173-4B3D-B92B-52CB1688545C}"
	ProjectSection(SolutionItems) = preProject
		CreateEntries.sql = CreateEntries.sql
	EndProjectSection
EndProject
Project("{2150E333-8FDC-42A3-9474-1A3956D46DE8}") = "Pipeline", "Pipeline", "{6A17FEBB-25BF-42E3-9FF0-73BB1DECD034}"
	ProjectSection(SolutionItems) = preProject
		pipeline.yml = pipeline.yml
	EndProjectSection
EndProject
Global
	GlobalSection(SolutionConfigurationPlatforms) = preSolution
		Debug|Any CPU = Debug|Any CPU
		Release|Any CPU = Release|Any CPU
	EndGlobalSection
	GlobalSection(ProjectConfigurationPlatforms) = postSolution
		{16B9B57A-C6F5-46EB-811C-9329239E779E}.Debug|Any CPU.ActiveCfg = Debug|Any CPU
		{16B9B57A-C6F5-46EB-811C-9329239E779E}.Debug|Any CPU.Build.0 = Debug|Any CPU
		{16B9B57A-C6F5-46EB-811C-9329239E779E}.Release|Any CPU.ActiveCfg = Release|Any CPU
		{16B9B57A-C6F5-46EB-811C-9329239E779E}.Release|Any CPU.Build.0 = Release|Any CPU
		{334D9810-289F-46FF-AAB7-AC32557395CC}.Debug|Any CPU.ActiveCfg = Debug|Any CPU
		{334D9810-289F-46FF-AAB7-AC32557395CC}.Debug|Any CPU.Build.0 = Debug|Any CPU
		{334D9810-289F-46FF-AAB7-AC32557395CC}.Release|Any CPU.ActiveCfg = Release|Any CPU
		{334D9810-289F-46FF-AAB7-AC32557395CC}.Release|Any CPU.Build.0 = Release|Any CPU
		{205C00A5-867A-47A5-91DF-467E899B8104}.Debug|Any CPU.ActiveCfg = Debug|Any CPU
		{205C00A5-867A-47A5-91DF-467E899B8104}.Debug|Any CPU.Build.0 = Debug|Any CPU
		{205C00A5-867A-47A5-91DF-467E899B8104}.Release|Any CPU.ActiveCfg = Release|Any CPU
		{205C00A5-867A-47A5-91DF-467E899B8104}.Release|Any CPU.Build.0 = Release|Any CPU
		{90AA578B-7242-4D1D-B1D1-F7EAAB68A06B}.Debug|Any CPU.ActiveCfg = Debug|Any CPU
		{90AA578B-7242-4D1D-B1D1-F7EAAB68A06B}.Debug|Any CPU.Build.0 = Debug|Any CPU
		{90AA578B-7242-4D1D-B1D1-F7EAAB68A06B}.Release|Any CPU.ActiveCfg = Release|Any CPU
		{90AA578B-7242-4D1D-B1D1-F7EAAB68A06B}.Release|Any CPU.Build.0 = Release|Any CPU
	EndGlobalSection
	GlobalSection(SolutionProperties) = preSolution
		HideSolutionNode = FALSE
	EndGlobalSection
	GlobalSection(NestedProjects) = preSolution
		{3B3800F1-B173-4B3D-B92B-52CB1688545C} = {32BA0854-1F8B-4723-A3E7-48FAD062BFC5}
		{6A17FEBB-25BF-42E3-9FF0-73BB1DECD034} = {32BA0854-1F8B-4723-A3E7-48FAD062BFC5}
	EndGlobalSection
	GlobalSection(ExtensibilityGlobals) = postSolution
		SolutionGuid = {C6E31383-A834-4255-A4C7-4879FBAFD5DC}
	EndGlobalSection
EndGlobal
